
Microsoft Visual Studio Solution File, Format Version 12.00
# Visual Studio Version 17
VisualStudioVersion = 17.9.34723.18
MinimumVisualStudioVersion = 10.0.40219.1
Project("{FAE04EC0-301F-11D3-BF4B-00C04F79EFBC}") = "WinFormsApp1", "WinFormsApp1.csproj", "{D8B814F0-3978-4A46-B292-8A3BA9DE759F}"
EndProject
Global
	GlobalSection(SolutionConfigurationPlatforms) = preSolution
		Debug|Any CPU = Debug|Any CPU
		Release|Any CPU = Release|Any CPU
	EndGlobalSection
	GlobalSection(ProjectConfigurationPlatforms) = postSolution
		{D8B814F0-3978-4A46-B292-8A3BA9DE759F}.Debug|Any CPU.ActiveCfg = Debug|Any CPU
		{D8B814F0-3978-4A46-B292-8A3BA9DE759F}.Debug|Any CPU.Build.0 = Debug|Any CPU
		{D8B814F0-3978-4A46-B292-8A3BA9DE759F}.Release|Any CPU.ActiveCfg = Release|Any CPU
		{D8B814F0-3978-4A46-B292-8A3BA9DE759F}.Release|Any CPU.Build.0 = Release|Any CPU
	EndGlobalSection
	GlobalSection(SolutionProperties) = preSolution
		HideSolutionNode = FALSE
	EndGlobalSection
	GlobalSection(ExtensibilityGlobals) = postSolution
		SolutionGuid = {EB8739AA-68E2-4C15-92AE-28C6ED9DDC5A}
	EndGlobalSection
EndGlobal
