
Microsoft Visual Studio Solution File, Format Version 12.00
# Visual Studio Version 17
VisualStudioVersion = 17.9.34723.18
MinimumVisualStudioVersion = 10.0.40219.1
Project("{FAE04EC0-301F-11D3-BF4B-00C04F79EFBC}") = "WinFormsApp1", "WinFormsApp1.csproj", "{CFF6F2FE-C03A-4C39-B9CD-92BC75A04A05}"
EndProject
Global
	GlobalSection(SolutionConfigurationPlatforms) = preSolution
		Debug|Any CPU = Debug|Any CPU
		Release|Any CPU = Release|Any CPU
	EndGlobalSection
	GlobalSection(ProjectConfigurationPlatforms) = postSolution
		{CFF6F2FE-C03A-4C39-B9CD-92BC75A04A05}.Debug|Any CPU.ActiveCfg = Debug|Any CPU
		{CFF6F2FE-C03A-4C39-B9CD-92BC75A04A05}.Debug|Any CPU.Build.0 = Debug|Any CPU
		{CFF6F2FE-C03A-4C39-B9CD-92BC75A04A05}.Release|Any CPU.ActiveCfg = Release|Any CPU
		{CFF6F2FE-C03A-4C39-B9CD-92BC75A04A05}.Release|Any CPU.Build.0 = Release|Any CPU
	EndGlobalSection
	GlobalSection(SolutionProperties) = preSolution
		HideSolutionNode = FALSE
	EndGlobalSection
	GlobalSection(ExtensibilityGlobals) = postSolution
		SolutionGuid = {B7F85902-CF75-4C82-B362-6FA4AF56EC7A}
	EndGlobalSection
EndGlobal
