
Microsoft Visual Studio Solution File, Format Version 12.00
# Visual Studio Version 17
VisualStudioVersion = 17.14.36401.2 d17.14
MinimumVisualStudioVersion = 10.0.40219.1
Project("{FAE04EC0-301F-11D3-BF4B-00C04F79EFBC}") = "Task3", "Task3.csproj", "{72FAFC88-3778-4870-8B1F-05461FF4C536}"
EndProject
Global
	GlobalSection(SolutionConfigurationPlatforms) = preSolution
		Debug|Any CPU = Debug|Any CPU
		Release|Any CPU = Release|Any CPU
	EndGlobalSection
	GlobalSection(ProjectConfigurationPlatforms) = postSolution
		{72FAFC88-3778-4870-8B1F-05461FF4C536}.Debug|Any CPU.ActiveCfg = Debug|Any CPU
		{72FAFC88-3778-4870-8B1F-05461FF4C536}.Debug|Any CPU.Build.0 = Debug|Any CPU
		{72FAFC88-3778-4870-8B1F-05461FF4C536}.Release|Any CPU.ActiveCfg = Release|Any CPU
		{72FAFC88-3778-4870-8B1F-05461FF4C536}.Release|Any CPU.Build.0 = Release|Any CPU
	EndGlobalSection
	GlobalSection(SolutionProperties) = preSolution
		HideSolutionNode = FALSE
	EndGlobalSection
	GlobalSection(ExtensibilityGlobals) = postSolution
		SolutionGuid = {EF8EF7F7-1251-4541-8C3A-F0B4E3B0293C}
	EndGlobalSection
EndGlobal
